
Microsoft Visual Studio Solution File, Format Version 12.00
# Visual Studio Version 16
VisualStudioVersion = 16.0.32002.261
MinimumVisualStudioVersion = 10.0.40219.1
Project("{9A19103F-16F7-4668-BE54-9A1E7A4F7556}") = "api1", "api1\api1.csproj", "{52042119-3AAC-4F73-AD46-6DF7DE571FD9}"
EndProject
Global
	GlobalSection(SolutionConfigurationPlatforms) = preSolution
		Debug|Any CPU = Debug|Any CPU
		Release|Any CPU = Release|Any CPU
	EndGlobalSection
	GlobalSection(ProjectConfigurationPlatforms) = postSolution
		{52042119-3AAC-4F73-AD46-6DF7DE571FD9}.Debug|Any CPU.ActiveCfg = Debug|Any CPU
		{52042119-3AAC-4F73-AD46-6DF7DE571FD9}.Debug|Any CPU.Build.0 = Debug|Any CPU
		{52042119-3AAC-4F73-AD46-6DF7DE571FD9}.Release|Any CPU.ActiveCfg = Release|Any CPU
		{52042119-3AAC-4F73-AD46-6DF7DE571FD9}.Release|Any CPU.Build.0 = Release|Any CPU
	EndGlobalSection
	GlobalSection(SolutionProperties) = preSolution
		HideSolutionNode = FALSE
	EndGlobalSection
	GlobalSection(ExtensibilityGlobals) = postSolution
		SolutionGuid = {6CB7CF1E-7894-4127-993F-534CD6DBB8B5}
	EndGlobalSection
EndGlobal
